// !$*UTF8*$!
{
	archiveVersion = 1;
	classes = {
	};
	objectVersion = 50;
	objects = {

/* Begin PBXBuildFile section */
		F60A169121E9E46D00E16112 /* StationTableViewController.swift in Sources */ = {isa = PBXBuildFile; fileRef = F60A169021E9E46D00E16112 /* StationTableViewController.swift */; };
		F60A169321E9E61900E16112 /* CityAndStationTableViewCell.swift in Sources */ = {isa = PBXBuildFile; fileRef = F60A169221E9E61900E16112 /* CityAndStationTableViewCell.swift */; };
		F629C2E921E75634000D2A20 /* TimeInfo.swift in Sources */ = {isa = PBXBuildFile; fileRef = F629C2E821E75634000D2A20 /* TimeInfo.swift */; };
		F629C2EB21E7BC5C000D2A20 /* TrainAndTimeInfosTableViewCell.swift in Sources */ = {isa = PBXBuildFile; fileRef = F629C2EA21E7BC5C000D2A20 /* TrainAndTimeInfosTableViewCell.swift */; };
		F6A6A7DC21EB59F000CD9DE8 /* FavoriteTableViewController.swift in Sources */ = {isa = PBXBuildFile; fileRef = F6A6A7DB21EB59F000CD9DE8 /* FavoriteTableViewController.swift */; };
		F6A6A7DE21EB98C200CD9DE8 /* FavoriteTableViewCell.swift in Sources */ = {isa = PBXBuildFile; fileRef = F6A6A7DD21EB98C200CD9DE8 /* FavoriteTableViewCell.swift */; };
		F6A6A7E021EB9B7C00CD9DE8 /* FavoriteLists.swift in Sources */ = {isa = PBXBuildFile; fileRef = F6A6A7DF21EB9B7C00CD9DE8 /* FavoriteLists.swift */; };
		F6C3941E21E7F6C300DBD9AD /* TrainsInTimeList.swift in Sources */ = {isa = PBXBuildFile; fileRef = F6C3941D21E7F6C300DBD9AD /* TrainsInTimeList.swift */; };
		F6C3942021E9370700DBD9AD /* HomeTableViewController.swift in Sources */ = {isa = PBXBuildFile; fileRef = F6C3941F21E9370700DBD9AD /* HomeTableViewController.swift */; };
		F6EF022E21E4F63500AD0EA8 /* AppDelegate.swift in Sources */ = {isa = PBXBuildFile; fileRef = F6EF022D21E4F63500AD0EA8 /* AppDelegate.swift */; };
		F6EF023021E4F63500AD0EA8 /* ViewController.swift in Sources */ = {isa = PBXBuildFile; fileRef = F6EF022F21E4F63500AD0EA8 /* ViewController.swift */; };
		F6EF023321E4F63500AD0EA8 /* Main.storyboard in Resources */ = {isa = PBXBuildFile; fileRef = F6EF023121E4F63500AD0EA8 /* Main.storyboard */; };
		F6EF023521E4F63800AD0EA8 /* Assets.xcassets in Resources */ = {isa = PBXBuildFile; fileRef = F6EF023421E4F63800AD0EA8 /* Assets.xcassets */; };
		F6EF023821E4F63800AD0EA8 /* LaunchScreen.storyboard in Resources */ = {isa = PBXBuildFile; fileRef = F6EF023621E4F63800AD0EA8 /* LaunchScreen.storyboard */; };
		F6EF024021E4FCCC00AD0EA8 /* TrainResult.swift in Sources */ = {isa = PBXBuildFile; fileRef = F6EF023F21E4FCCC00AD0EA8 /* TrainResult.swift */; };
		F6EF024221E4FCF300AD0EA8 /* StationResult.swift in Sources */ = {isa = PBXBuildFile; fileRef = F6EF024121E4FCF300AD0EA8 /* StationResult.swift */; };
		F6EF024621E5061800AD0EA8 /* TimeListTableViewController.swift in Sources */ = {isa = PBXBuildFile; fileRef = F6EF024521E5061800AD0EA8 /* TimeListTableViewController.swift */; };
		F6EF024C21E53E4B00AD0EA8 /* StationInfo.swift in Sources */ = {isa = PBXBuildFile; fileRef = F6EF024B21E53E4B00AD0EA8 /* StationInfo.swift */; };
		F6EF024E21E53F9E00AD0EA8 /* TrainInfo.swift in Sources */ = {isa = PBXBuildFile; fileRef = F6EF024D21E53F9E00AD0EA8 /* TrainInfo.swift */; };
		F6F0FD4321E95ACC007CBF70 /* CityTableViewController.swift in Sources */ = {isa = PBXBuildFile; fileRef = F6F0FD4221E95ACC007CBF70 /* CityTableViewController.swift */; };
/* End PBXBuildFile section */

/* Begin PBXFileReference section */
		F60A169021E9E46D00E16112 /* StationTableViewController.swift */ = {isa = PBXFileReference; lastKnownFileType = sourcecode.swift; path = StationTableViewController.swift; sourceTree = "<group>"; };
		F60A169221E9E61900E16112 /* CityAndStationTableViewCell.swift */ = {isa = PBXFileReference; lastKnownFileType = sourcecode.swift; path = CityAndStationTableViewCell.swift; sourceTree = "<group>"; };
		F629C2E821E75634000D2A20 /* TimeInfo.swift */ = {isa = PBXFileReference; lastKnownFileType = sourcecode.swift; path = TimeInfo.swift; sourceTree = "<group>"; };
		F629C2EA21E7BC5C000D2A20 /* TrainAndTimeInfosTableViewCell.swift */ = {isa = PBXFileReference; lastKnownFileType = sourcecode.swift; path = TrainAndTimeInfosTableViewCell.swift; sourceTree = "<group>"; };
		F6A6A7DB21EB59F000CD9DE8 /* FavoriteTableViewController.swift */ = {isa = PBXFileReference; lastKnownFileType = sourcecode.swift; path = FavoriteTableViewController.swift; sourceTree = "<group>"; };
		F6A6A7DD21EB98C200CD9DE8 /* FavoriteTableViewCell.swift */ = {isa = PBXFileReference; lastKnownFileType = sourcecode.swift; path = FavoriteTableViewCell.swift; sourceTree = "<group>"; };
		F6A6A7DF21EB9B7C00CD9DE8 /* FavoriteLists.swift */ = {isa = PBXFileReference; lastKnownFileType = sourcecode.swift; path = FavoriteLists.swift; sourceTree = "<group>"; };
		F6C3941D21E7F6C300DBD9AD /* TrainsInTimeList.swift */ = {isa = PBXFileReference; lastKnownFileType = sourcecode.swift; path = TrainsInTimeList.swift; sourceTree = "<group>"; };
		F6C3941F21E9370700DBD9AD /* HomeTableViewController.swift */ = {isa = PBXFileReference; lastKnownFileType = sourcecode.swift; path = HomeTableViewController.swift; sourceTree = "<group>"; };
		F6EF022A21E4F63500AD0EA8 /* 鐵路時刻表.app */ = {isa = PBXFileReference; explicitFileType = wrapper.application; includeInIndex = 0; path = "鐵路時刻表.app"; sourceTree = BUILT_PRODUCTS_DIR; };
		F6EF022D21E4F63500AD0EA8 /* AppDelegate.swift */ = {isa = PBXFileReference; lastKnownFileType = sourcecode.swift; path = AppDelegate.swift; sourceTree = "<group>"; };
		F6EF022F21E4F63500AD0EA8 /* ViewController.swift */ = {isa = PBXFileReference; lastKnownFileType = sourcecode.swift; path = ViewController.swift; sourceTree = "<group>"; };
		F6EF023221E4F63500AD0EA8 /* Base */ = {isa = PBXFileReference; lastKnownFileType = file.storyboard; name = Base; path = Base.lproj/Main.storyboard; sourceTree = "<group>"; };
		F6EF023421E4F63800AD0EA8 /* Assets.xcassets */ = {isa = PBXFileReference; lastKnownFileType = folder.assetcatalog; path = Assets.xcassets; sourceTree = "<group>"; };
		F6EF023721E4F63800AD0EA8 /* Base */ = {isa = PBXFileReference; lastKnownFileType = file.storyboard; name = Base; path = Base.lproj/LaunchScreen.storyboard; sourceTree = "<group>"; };
		F6EF023921E4F63800AD0EA8 /* Info.plist */ = {isa = PBXFileReference; lastKnownFileType = text.plist.xml; path = Info.plist; sourceTree = "<group>"; };
		F6EF023F21E4FCCC00AD0EA8 /* TrainResult.swift */ = {isa = PBXFileReference; lastKnownFileType = sourcecode.swift; path = TrainResult.swift; sourceTree = "<group>"; };
		F6EF024121E4FCF300AD0EA8 /* StationResult.swift */ = {isa = PBXFileReference; lastKnownFileType = sourcecode.swift; path = StationResult.swift; sourceTree = "<group>"; };
		F6EF024521E5061800AD0EA8 /* TimeListTableViewController.swift */ = {isa = PBXFileReference; lastKnownFileType = sourcecode.swift; path = TimeListTableViewController.swift; sourceTree = "<group>"; };
		F6EF024B21E53E4B00AD0EA8 /* StationInfo.swift */ = {isa = PBXFileReference; lastKnownFileType = sourcecode.swift; path = StationInfo.swift; sourceTree = "<group>"; };
		F6EF024D21E53F9E00AD0EA8 /* TrainInfo.swift */ = {isa = PBXFileReference; lastKnownFileType = sourcecode.swift; path = TrainInfo.swift; sourceTree = "<group>"; };
		F6F0FD4221E95ACC007CBF70 /* CityTableViewController.swift */ = {isa = PBXFileReference; lastKnownFileType = sourcecode.swift; path = CityTableViewController.swift; sourceTree = "<group>"; };
/* End PBXFileReference section */

/* Begin PBXFrameworksBuildPhase section */
		F6EF022721E4F63500AD0EA8 /* Frameworks */ = {
			isa = PBXFrameworksBuildPhase;
			buildActionMask = 2147483647;
			files = (
			);
			runOnlyForDeploymentPostprocessing = 0;
		};
/* End PBXFrameworksBuildPhase section */

/* Begin PBXGroup section */
		F6EF022121E4F63500AD0EA8 = {
			isa = PBXGroup;
			children = (
				F6EF022C21E4F63500AD0EA8 /* 鐵路時刻表 */,
				F6EF022B21E4F63500AD0EA8 /* Products */,
			);
			sourceTree = "<group>";
		};
		F6EF022B21E4F63500AD0EA8 /* Products */ = {
			isa = PBXGroup;
			children = (
				F6EF022A21E4F63500AD0EA8 /* 鐵路時刻表.app */,
			);
			name = Products;
			sourceTree = "<group>";
		};
		F6EF022C21E4F63500AD0EA8 /* 鐵路時刻表 */ = {
			isa = PBXGroup;
			children = (
				F6EF022D21E4F63500AD0EA8 /* AppDelegate.swift */,
				F6EF022F21E4F63500AD0EA8 /* ViewController.swift */,
				F6EF023121E4F63500AD0EA8 /* Main.storyboard */,
				F6EF023421E4F63800AD0EA8 /* Assets.xcassets */,
				F6EF023621E4F63800AD0EA8 /* LaunchScreen.storyboard */,
				F6EF023921E4F63800AD0EA8 /* Info.plist */,
				F6EF023F21E4FCCC00AD0EA8 /* TrainResult.swift */,
				F6EF024D21E53F9E00AD0EA8 /* TrainInfo.swift */,
				F629C2E821E75634000D2A20 /* TimeInfo.swift */,
				F6EF024121E4FCF300AD0EA8 /* StationResult.swift */,
				F6EF024B21E53E4B00AD0EA8 /* StationInfo.swift */,
				F6C3941D21E7F6C300DBD9AD /* TrainsInTimeList.swift */,
				F6C3941F21E9370700DBD9AD /* HomeTableViewController.swift */,
				F6F0FD4221E95ACC007CBF70 /* CityTableViewController.swift */,
				F60A169021E9E46D00E16112 /* StationTableViewController.swift */,
				F6EF024521E5061800AD0EA8 /* TimeListTableViewController.swift */,
				F629C2EA21E7BC5C000D2A20 /* TrainAndTimeInfosTableViewCell.swift */,
				F60A169221E9E61900E16112 /* CityAndStationTableViewCell.swift */,
				F6A6A7DB21EB59F000CD9DE8 /* FavoriteTableViewController.swift */,
				F6A6A7DD21EB98C200CD9DE8 /* FavoriteTableViewCell.swift */,
				F6A6A7DF21EB9B7C00CD9DE8 /* FavoriteLists.swift */,
			);
			path = "鐵路時刻表";
			sourceTree = "<group>";
		};
/* End PBXGroup section */

/* Begin PBXNativeTarget section */
		F6EF022921E4F63500AD0EA8 /* 鐵路時刻表 */ = {
			isa = PBXNativeTarget;
			buildConfigurationList = F6EF023C21E4F63800AD0EA8 /* Build configuration list for PBXNativeTarget "鐵路時刻表" */;
			buildPhases = (
				F6EF022621E4F63500AD0EA8 /* Sources */,
				F6EF022721E4F63500AD0EA8 /* Frameworks */,
				F6EF022821E4F63500AD0EA8 /* Resources */,
			);
			buildRules = (
			);
			dependencies = (
			);
			name = "鐵路時刻表";
			productName = "鐵路時刻表";
			productReference = F6EF022A21E4F63500AD0EA8 /* 鐵路時刻表.app */;
			productType = "com.apple.product-type.application";
		};
/* End PBXNativeTarget section */

/* Begin PBXProject section */
		F6EF022221E4F63500AD0EA8 /* Project object */ = {
			isa = PBXProject;
			attributes = {
				LastSwiftUpdateCheck = 1010;
				LastUpgradeCheck = 1010;
				ORGANIZATIONNAME = "黃暉德";
				TargetAttributes = {
					F6EF022921E4F63500AD0EA8 = {
						CreatedOnToolsVersion = 10.1;
					};
				};
			};
			buildConfigurationList = F6EF022521E4F63500AD0EA8 /* Build configuration list for PBXProject "鐵路時刻表" */;
			compatibilityVersion = "Xcode 9.3";
			developmentRegion = en;
			hasScannedForEncodings = 0;
			knownRegions = (
				en,
				Base,
			);
			mainGroup = F6EF022121E4F63500AD0EA8;
			productRefGroup = F6EF022B21E4F63500AD0EA8 /* Products */;
			projectDirPath = "";
			projectRoot = "";
			targets = (
				F6EF022921E4F63500AD0EA8 /* 鐵路時刻表 */,
			);
		};
/* End PBXProject section */

/* Begin PBXResourcesBuildPhase section */
		F6EF022821E4F63500AD0EA8 /* Resources */ = {
			isa = PBXResourcesBuildPhase;
			buildActionMask = 2147483647;
			files = (
				F6EF023821E4F63800AD0EA8 /* LaunchScreen.storyboard in Resources */,
				F6EF023521E4F63800AD0EA8 /* Assets.xcassets in Resources */,
				F6EF023321E4F63500AD0EA8 /* Main.storyboard in Resources */,
			);
			runOnlyForDeploymentPostprocessing = 0;
		};
/* End PBXResourcesBuildPhase section */

/* Begin PBXSourcesBuildPhase section */
		F6EF022621E4F63500AD0EA8 /* Sources */ = {
			isa = PBXSourcesBuildPhase;
			buildActionMask = 2147483647;
			files = (
				F6C3942021E9370700DBD9AD /* HomeTableViewController.swift in Sources */,
				F6EF024021E4FCCC00AD0EA8 /* TrainResult.swift in Sources */,
				F6EF023021E4F63500AD0EA8 /* ViewController.swift in Sources */,
				F629C2EB21E7BC5C000D2A20 /* TrainAndTimeInfosTableViewCell.swift in Sources */,
				F6F0FD4321E95ACC007CBF70 /* CityTableViewController.swift in Sources */,
				F6A6A7DC21EB59F000CD9DE8 /* FavoriteTableViewController.swift in Sources */,
				F6C3941E21E7F6C300DBD9AD /* TrainsInTimeList.swift in Sources */,
				F6EF024E21E53F9E00AD0EA8 /* TrainInfo.swift in Sources */,
				F6EF024221E4FCF300AD0EA8 /* StationResult.swift in Sources */,
				F6A6A7DE21EB98C200CD9DE8 /* FavoriteTableViewCell.swift in Sources */,
				F6EF024621E5061800AD0EA8 /* TimeListTableViewController.swift in Sources */,
				F60A169121E9E46D00E16112 /* StationTableViewController.swift in Sources */,
				F6A6A7E021EB9B7C00CD9DE8 /* FavoriteLists.swift in Sources */,
				F6EF024C21E53E4B00AD0EA8 /* StationInfo.swift in Sources */,
				F629C2E921E75634000D2A20 /* TimeInfo.swift in Sources */,
				F6EF022E21E4F63500AD0EA8 /* AppDelegate.swift in Sources */,
				F60A169321E9E61900E16112 /* CityAndStationTableViewCell.swift in Sources */,
			);
			runOnlyForDeploymentPostprocessing = 0;
		};
/* End PBXSourcesBuildPhase section */

/* Begin PBXVariantGroup section */
		F6EF023121E4F63500AD0EA8 /* Main.storyboard */ = {
			isa = PBXVariantGroup;
			children = (
				F6EF023221E4F63500AD0EA8 /* Base */,
			);
			name = Main.storyboard;
			sourceTree = "<group>";
		};
		F6EF023621E4F63800AD0EA8 /* LaunchScreen.storyboard */ = {
			isa = PBXVariantGroup;
			children = (
				F6EF023721E4F63800AD0EA8 /* Base */,
			);
			name = LaunchScreen.storyboard;
			sourceTree = "<group>";
		};
/* End PBXVariantGroup section */

/* Begin XCBuildConfiguration section */
		F6EF023A21E4F63800AD0EA8 /* Debug */ = {
			isa = XCBuildConfiguration;
			buildSettings = {
				ALWAYS_SEARCH_USER_PATHS = NO;
				CLANG_ANALYZER_NONNULL = YES;
				CLANG_ANALYZER_NUMBER_OBJECT_CONVERSION = YES_AGGRESSIVE;
				CLANG_CXX_LANGUAGE_STANDARD = "gnu++14";
				CLANG_CXX_LIBRARY = "libc++";
				CLANG_ENABLE_MODULES = YES;
				CLANG_ENABLE_OBJC_ARC = YES;
				CLANG_ENABLE_OBJC_WEAK = YES;
				CLANG_WARN_BLOCK_CAPTURE_AUTORELEASING = YES;
				CLANG_WARN_BOOL_CONVERSION = YES;
				CLANG_WARN_COMMA = YES;
				CLANG_WARN_CONSTANT_CONVERSION = YES;
				CLANG_WARN_DEPRECATED_OBJC_IMPLEMENTATIONS = YES;
				CLANG_WARN_DIRECT_OBJC_ISA_USAGE = YES_ERROR;
				CLANG_WARN_DOCUMENTATION_COMMENTS = YES;
				CLANG_WARN_EMPTY_BODY = YES;
				CLANG_WARN_ENUM_CONVERSION = YES;
				CLANG_WARN_INFINITE_RECURSION = YES;
				CLANG_WARN_INT_CONVERSION = YES;
				CLANG_WARN_NON_LITERAL_NULL_CONVERSION = YES;
				CLANG_WARN_OBJC_IMPLICIT_RETAIN_SELF = YES;
				CLANG_WARN_OBJC_LITERAL_CONVERSION = YES;
				CLANG_WARN_OBJC_ROOT_CLASS = YES_ERROR;
				CLANG_WARN_RANGE_LOOP_ANALYSIS = YES;
				CLANG_WARN_STRICT_PROTOTYPES = YES;
				CLANG_WARN_SUSPICIOUS_MOVE = YES;
				CLANG_WARN_UNGUARDED_AVAILABILITY = YES_AGGRESSIVE;
				CLANG_WARN_UNREACHABLE_CODE = YES;
				CLANG_WARN__DUPLICATE_METHOD_MATCH = YES;
				CODE_SIGN_IDENTITY = "iPhone Developer";
				COPY_PHASE_STRIP = NO;
				DEBUG_INFORMATION_FORMAT = dwarf;
				ENABLE_STRICT_OBJC_MSGSEND = YES;
				ENABLE_TESTABILITY = YES;
				GCC_C_LANGUAGE_STANDARD = gnu11;
				GCC_DYNAMIC_NO_PIC = NO;
				GCC_NO_COMMON_BLOCKS = YES;
				GCC_OPTIMIZATION_LEVEL = 0;
				GCC_PREPROCESSOR_DEFINITIONS = (
					"DEBUG=1",
					"$(inherited)",
				);
				GCC_WARN_64_TO_32_BIT_CONVERSION = YES;
				GCC_WARN_ABOUT_RETURN_TYPE = YES_ERROR;
				GCC_WARN_UNDECLARED_SELECTOR = YES;
				GCC_WARN_UNINITIALIZED_AUTOS = YES_AGGRESSIVE;
				GCC_WARN_UNUSED_FUNCTION = YES;
				GCC_WARN_UNUSED_VARIABLE = YES;
				IPHONEOS_DEPLOYMENT_TARGET = 12.1;
				MTL_ENABLE_DEBUG_INFO = INCLUDE_SOURCE;
				MTL_FAST_MATH = YES;
				ONLY_ACTIVE_ARCH = YES;
				SDKROOT = iphoneos;
				SWIFT_ACTIVE_COMPILATION_CONDITIONS = DEBUG;
				SWIFT_OPTIMIZATION_LEVEL = "-Onone";
			};
			name = Debug;
		};
		F6EF023B21E4F63800AD0EA8 /* Release */ = {
			isa = XCBuildConfiguration;
			buildSettings = {
				ALWAYS_SEARCH_USER_PATHS = NO;
				CLANG_ANALYZER_NONNULL = YES;
				CLANG_ANALYZER_NUMBER_OBJECT_CONVERSION = YES_AGGRESSIVE;
				CLANG_CXX_LANGUAGE_STANDARD = "gnu++14";
				CLANG_CXX_LIBRARY = "libc++";
				CLANG_ENABLE_MODULES = YES;
				CLANG_ENABLE_OBJC_ARC = YES;
				CLANG_ENABLE_OBJC_WEAK = YES;
				CLANG_WARN_BLOCK_CAPTURE_AUTORELEASING = YES;
				CLANG_WARN_BOOL_CONVERSION = YES;
				CLANG_WARN_COMMA = YES;
				CLANG_WARN_CONSTANT_CONVERSION = YES;
				CLANG_WARN_DEPRECATED_OBJC_IMPLEMENTATIONS = YES;
				CLANG_WARN_DIRECT_OBJC_ISA_USAGE = YES_ERROR;
				CLANG_WARN_DOCUMENTATION_COMMENTS = YES;
				CLANG_WARN_EMPTY_BODY = YES;
				CLANG_WARN_ENUM_CONVERSION = YES;
				CLANG_WARN_INFINITE_RECURSION = YES;
				CLANG_WARN_INT_CONVERSION = YES;
				CLANG_WARN_NON_LITERAL_NULL_CONVERSION = YES;
				CLANG_WARN_OBJC_IMPLICIT_RETAIN_SELF = YES;
				CLANG_WARN_OBJC_LITERAL_CONVERSION = YES;
				CLANG_WARN_OBJC_ROOT_CLASS = YES_ERROR;
				CLANG_WARN_RANGE_LOOP_ANALYSIS = YES;
				CLANG_WARN_STRICT_PROTOTYPES = YES;
				CLANG_WARN_SUSPICIOUS_MOVE = YES;
				CLANG_WARN_UNGUARDED_AVAILABILITY = YES_AGGRESSIVE;
				CLANG_WARN_UNREACHABLE_CODE = YES;
				CLANG_WARN__DUPLICATE_METHOD_MATCH = YES;
				CODE_SIGN_IDENTITY = "iPhone Developer";
				COPY_PHASE_STRIP = NO;
				DEBUG_INFORMATION_FORMAT = "dwarf-with-dsym";
				ENABLE_NS_ASSERTIONS = NO;
				ENABLE_STRICT_OBJC_MSGSEND = YES;
				GCC_C_LANGUAGE_STANDARD = gnu11;
				GCC_NO_COMMON_BLOCKS = YES;
				GCC_WARN_64_TO_32_BIT_CONVERSION = YES;
				GCC_WARN_ABOUT_RETURN_TYPE = YES_ERROR;
				GCC_WARN_UNDECLARED_SELECTOR = YES;
				GCC_WARN_UNINITIALIZED_AUTOS = YES_AGGRESSIVE;
				GCC_WARN_UNUSED_FUNCTION = YES;
				GCC_WARN_UNUSED_VARIABLE = YES;
				IPHONEOS_DEPLOYMENT_TARGET = 12.1;
				MTL_ENABLE_DEBUG_INFO = NO;
				MTL_FAST_MATH = YES;
				SDKROOT = iphoneos;
				SWIFT_COMPILATION_MODE = wholemodule;
				SWIFT_OPTIMIZATION_LEVEL = "-O";
				VALIDATE_PRODUCT = YES;
			};
			name = Release;
		};
		F6EF023D21E4F63800AD0EA8 /* Debug */ = {
			isa = XCBuildConfiguration;
			buildSettings = {
				ASSETCATALOG_COMPILER_APPICON_NAME = AppIcon;
				CODE_SIGN_STYLE = Automatic;
				INFOPLIST_FILE = "鐵路時刻表/Info.plist";
				LD_RUNPATH_SEARCH_PATHS = (
					"$(inherited)",
					"@executable_path/Frameworks",
				);
				PRODUCT_BUNDLE_IDENTIFIER = "HueiDerHuang.-----";
				PRODUCT_NAME = "$(TARGET_NAME)";
				SWIFT_ENFORCE_EXCLUSIVE_ACCESS = none;
				SWIFT_VERSION = 4.2;
				TARGETED_DEVICE_FAMILY = "1,2";
			};
			name = Debug;
		};
		F6EF023E21E4F63800AD0EA8 /* Release */ = {
			isa = XCBuildConfiguration;
			buildSettings = {
				ASSETCATALOG_COMPILER_APPICON_NAME = AppIcon;
				CODE_SIGN_STYLE = Automatic;
				INFOPLIST_FILE = "鐵路時刻表/Info.plist";
				LD_RUNPATH_SEARCH_PATHS = (
					"$(inherited)",
					"@executable_path/Frameworks",
				);
				PRODUCT_BUNDLE_IDENTIFIER = "HueiDerHuang.-----";
				PRODUCT_NAME = "$(TARGET_NAME)";
				SWIFT_ENFORCE_EXCLUSIVE_ACCESS = none;
				SWIFT_VERSION = 4.2;
				TARGETED_DEVICE_FAMILY = "1,2";
			};
			name = Release;
		};
/* End XCBuildConfiguration section */

/* Begin XCConfigurationList section */
		F6EF022521E4F63500AD0EA8 /* Build configuration list for PBXProject "鐵路時刻表" */ = {
			isa = XCConfigurationList;
			buildConfigurations = (
				F6EF023A21E4F63800AD0EA8 /* Debug */,
				F6EF023B21E4F63800AD0EA8 /* Release */,
			);
			defaultConfigurationIsVisible = 0;
			defaultConfigurationName = Release;
		};
		F6EF023C21E4F63800AD0EA8 /* Build configuration list for PBXNativeTarget "鐵路時刻表" */ = {
			isa = XCConfigurationList;
			buildConfigurations = (
				F6EF023D21E4F63800AD0EA8 /* Debug */,
				F6EF023E21E4F63800AD0EA8 /* Release */,
			);
			defaultConfigurationIsVisible = 0;
			defaultConfigurationName = Release;
		};
/* End XCConfigurationList section */
	};
	rootObject = F6EF022221E4F63500AD0EA8 /* Project object */;
}
